
Microsoft Visual Studio Solution File, Format Version 12.00
# Visual Studio Version 17
VisualStudioVersion = 17.1.32210.238
MinimumVisualStudioVersion = 10.0.40219.1
Project("{8BC9CEB8-8B4A-11D0-8D11-00A0C91BC942}") = "BOJ_2875", "BOJ_2875.vcxproj", "{5DCF59B5-FD56-4B03-A35D-BE28A6324839}"
EndProject
Global
	GlobalSection(SolutionConfigurationPlatforms) = preSolution
		Debug|x64 = Debug|x64
		Release|x64 = Release|x64
	EndGlobalSection
	GlobalSection(ProjectConfigurationPlatforms) = postSolution
		{5DCF59B5-FD56-4B03-A35D-BE28A6324839}.Debug|x64.ActiveCfg = Debug|x64
		{5DCF59B5-FD56-4B03-A35D-BE28A6324839}.Debug|x64.Build.0 = Debug|x64
		{5DCF59B5-FD56-4B03-A35D-BE28A6324839}.Release|x64.ActiveCfg = Release|x64
		{5DCF59B5-FD56-4B03-A35D-BE28A6324839}.Release|x64.Build.0 = Release|x64
	EndGlobalSection
	GlobalSection(SolutionProperties) = preSolution
		HideSolutionNode = FALSE
	EndGlobalSection
	GlobalSection(ExtensibilityGlobals) = postSolution
		SolutionGuid = {A973B59C-005C-4918-BD4F-D9F4FDD54961}
	EndGlobalSection
EndGlobal
